
Microsoft Visual Studio Solution File, Format Version 12.00
# Visual Studio 15
VisualStudioVersion = 15.0.28307.852
MinimumVisualStudioVersion = 10.0.40219.1
Project("{8BC9CEB8-8B4A-11D0-8D11-00A0C91BC942}") = "seminar12ex2", "seminar12ex2\seminar12ex2.vcxproj", "{79F786BF-FE32-4C68-A212-25E2C56677C8}"
EndProject
Global
	GlobalSection(SolutionConfigurationPlatforms) = preSolution
		Debug|x64 = Debug|x64
		Debug|x86 = Debug|x86
		Release|x64 = Release|x64
		Release|x86 = Release|x86
	EndGlobalSection
	GlobalSection(ProjectConfigurationPlatforms) = postSolution
		{79F786BF-FE32-4C68-A212-25E2C56677C8}.Debug|x64.ActiveCfg = Debug|x64
		{79F786BF-FE32-4C68-A212-25E2C56677C8}.Debug|x64.Build.0 = Debug|x64
		{79F786BF-FE32-4C68-A212-25E2C56677C8}.Debug|x86.ActiveCfg = Debug|Win32
		{79F786BF-FE32-4C68-A212-25E2C56677C8}.Debug|x86.Build.0 = Debug|Win32
		{79F786BF-FE32-4C68-A212-25E2C56677C8}.Release|x64.ActiveCfg = Release|x64
		{79F786BF-FE32-4C68-A212-25E2C56677C8}.Release|x64.Build.0 = Release|x64
		{79F786BF-FE32-4C68-A212-25E2C56677C8}.Release|x86.ActiveCfg = Release|Win32
		{79F786BF-FE32-4C68-A212-25E2C56677C8}.Release|x86.Build.0 = Release|Win32
	EndGlobalSection
	GlobalSection(SolutionProperties) = preSolution
		HideSolutionNode = FALSE
	EndGlobalSection
	GlobalSection(ExtensibilityGlobals) = postSolution
		SolutionGuid = {47C20731-46D3-4AD4-9121-042A63D97CA6}
	EndGlobalSection
EndGlobal
